// !$*UTF8*$!
{
    archiveVersion = 1;
    classes = {};
    objectVersion = 46;
    rootObject = __RootObject_;
    objects = {
        __RootObject_ = {
            isa = PBXProject;
            attributes = {LastUpgradeCheck = 9999;};
            buildConfigurationList = ___RootConfs_;
            compatibilityVersion = 'Xcode 3.2';
            developmentRegion = English;
            hasScannedForEncodings = 0;
            knownRegions = (en);
            mainGroup = ___RootGroup_;
            productRefGroup = ____Products_;
            projectDirPath = '';
            projectRoot = '';
            targets = (______Target_LoggerAPI, ______Target_KituraSys, ______Target_Socket, ______Target_CHttpParser, ______Target_KituraNet, ______Target_SwiftyJSON, ______Target_KituraTemplateEngine, ______Target_Kitura, ______Target_HeliumLogger, ______Target_CFEnvironment, ______Target_KituraStarterBluemix);
        };
        '__PBXFileRef_Package.swift' = {
            isa = PBXFileReference;
            lastKnownFileType = sourcecode.swift;
            name = 'Package.swift';
            path = 'Package.swift';
            sourceTree = '<group>';
        };
        ___RootGroup_ = {
            isa = PBXGroup;
            children = ('__PBXFileRef_Package.swift', _____Configs_, _____Sources_, Dependencies_, _______Tests_, ____Products_);
            sourceTree = '<group>';
        };
        _______Group_LoggerAPI = {
            isa = PBXGroup;
            name = LoggerAPI;
            path = 'Packages/LoggerAPI-0.7.1/Sources/LoggerAPI';
            sourceTree = '<group>';
            children = ('__PBXFileRef_Packages/LoggerAPI-0.7.1/Sources/LoggerAPI/Logger.swift');
        };
        '__PBXFileRef_Packages/LoggerAPI-0.7.1/Sources/LoggerAPI/Logger.swift' = {
            isa = PBXFileReference;
            lastKnownFileType = sourcecode.swift;
            name = 'Logger.swift';
            sourceTree = '<group>';
        };
        ______Target_LoggerAPI = {
            isa = PBXNativeTarget;
            buildConfigurationList = _______Confs_LoggerAPI;
            buildPhases = (CompilePhase_LoggerAPI, ___LinkPhase_LoggerAPI);
            buildRules = ();
            dependencies = ();
            name = LoggerAPI;
            productName = LoggerAPI;
            productReference = _____Product_LoggerAPI;
            productType = 'com.apple.product-type.library.dynamic';
        };
        _____Product_LoggerAPI = {
            isa = PBXFileReference;
            explicitFileType = 'compiled.mach-o.dylib';
            path = 'LoggerAPI.dylib';
            sourceTree = BUILT_PRODUCTS_DIR;
        };
        CompilePhase_LoggerAPI = {
            isa = PBXSourcesBuildPhase;
            files = ('__src_cc_ref_Packages/LoggerAPI-0.7.1/Sources/LoggerAPI/Logger.swift');
            runOnlyForDeploymentPostprocessing = 0;
        };
        ___LinkPhase_LoggerAPI = {
            isa = PBXFrameworksBuildPhase;
            files = ();
            runOnlyForDeploymentPostprocessing = 0;
        };
        '__src_cc_ref_Packages/LoggerAPI-0.7.1/Sources/LoggerAPI/Logger.swift' = {
            isa = PBXBuildFile;
            fileRef = '__PBXFileRef_Packages/LoggerAPI-0.7.1/Sources/LoggerAPI/Logger.swift';
        };
        _LinkFileRef_LoggerAPI = {
            isa = PBXBuildFile;
            fileRef = _____Product_LoggerAPI;
        };
        _______Confs_LoggerAPI = {
            isa = XCConfigurationList;
            buildConfigurations = (___DebugConf_LoggerAPI, _ReleaseConf_LoggerAPI);
            defaultConfigurationIsVisible = 0;
            defaultConfigurationName = Debug;
        };
        ___DebugConf_LoggerAPI = {
            isa = XCBuildConfiguration;
            buildSettings = { LD_RUNPATH_SEARCH_PATHS = '$(TOOLCHAIN_DIR)/usr/lib/swift/macosx'; ENABLE_TESTABILITY = YES; SWIFT_OPTIMIZATION_LEVEL = -Onone; };
            name = Debug;
        };
        _ReleaseConf_LoggerAPI = {
            isa = XCBuildConfiguration;
            buildSettings = { LD_RUNPATH_SEARCH_PATHS = '$(TOOLCHAIN_DIR)/usr/lib/swift/macosx'; ENABLE_TESTABILITY = YES; };
            name = Release;
        };
        __Dependency_LoggerAPI = {
            isa = PBXTargetDependency;
            target = ______Target_LoggerAPI;
        };
        _______Group_KituraSys = {
            isa = PBXGroup;
            name = KituraSys;
            path = 'Packages/Kitura-Sys-0.13.2/Sources/KituraSys';
            sourceTree = '<group>';
            children = ('__PBXFileRef_Packages/Kitura-Sys-0.13.2/Sources/KituraSys/SysUtils.swift', '__PBXFileRef_Packages/Kitura-Sys-0.13.2/Sources/KituraSys/Queue.swift', '__PBXFileRef_Packages/Kitura-Sys-0.13.2/Sources/KituraSys/StringUtils.swift', '__PBXFileRef_Packages/Kitura-Sys-0.13.2/Sources/KituraSys/Server.swift');
        };
        '__PBXFileRef_Packages/Kitura-Sys-0.13.2/Sources/KituraSys/SysUtils.swift' = {
            isa = PBXFileReference;
            lastKnownFileType = sourcecode.swift;
            name = 'SysUtils.swift';
            sourceTree = '<group>';
        };
        '__PBXFileRef_Packages/Kitura-Sys-0.13.2/Sources/KituraSys/Queue.swift' = {
            isa = PBXFileReference;
            lastKnownFileType = sourcecode.swift;
            name = 'Queue.swift';
            sourceTree = '<group>';
        };
        '__PBXFileRef_Packages/Kitura-Sys-0.13.2/Sources/KituraSys/StringUtils.swift' = {
            isa = PBXFileReference;
            lastKnownFileType = sourcecode.swift;
            name = 'StringUtils.swift';
            sourceTree = '<group>';
        };
        '__PBXFileRef_Packages/Kitura-Sys-0.13.2/Sources/KituraSys/Server.swift' = {
            isa = PBXFileReference;
            lastKnownFileType = sourcecode.swift;
            name = 'Server.swift';
            sourceTree = '<group>';
        };
        ______Target_KituraSys = {
            isa = PBXNativeTarget;
            buildConfigurationList = _______Confs_KituraSys;
            buildPhases = (CompilePhase_KituraSys, ___LinkPhase_KituraSys);
            buildRules = ();
            dependencies = (__Dependency_LoggerAPI);
            name = KituraSys;
            productName = KituraSys;
            productReference = _____Product_KituraSys;
            productType = 'com.apple.product-type.library.dynamic';
        };
        _____Product_KituraSys = {
            isa = PBXFileReference;
            explicitFileType = 'compiled.mach-o.dylib';
            path = 'KituraSys.dylib';
            sourceTree = BUILT_PRODUCTS_DIR;
        };
        CompilePhase_KituraSys = {
            isa = PBXSourcesBuildPhase;
            files = ('__src_cc_ref_Packages/Kitura-Sys-0.13.2/Sources/KituraSys/SysUtils.swift', '__src_cc_ref_Packages/Kitura-Sys-0.13.2/Sources/KituraSys/Queue.swift', '__src_cc_ref_Packages/Kitura-Sys-0.13.2/Sources/KituraSys/StringUtils.swift', '__src_cc_ref_Packages/Kitura-Sys-0.13.2/Sources/KituraSys/Server.swift');
            runOnlyForDeploymentPostprocessing = 0;
        };
        ___LinkPhase_KituraSys = {
            isa = PBXFrameworksBuildPhase;
            files = (_LinkFileRef_LoggerAPI);
            runOnlyForDeploymentPostprocessing = 0;
        };
        '__src_cc_ref_Packages/Kitura-Sys-0.13.2/Sources/KituraSys/SysUtils.swift' = {
            isa = PBXBuildFile;
            fileRef = '__PBXFileRef_Packages/Kitura-Sys-0.13.2/Sources/KituraSys/SysUtils.swift';
        };
        '__src_cc_ref_Packages/Kitura-Sys-0.13.2/Sources/KituraSys/Queue.swift' = {
            isa = PBXBuildFile;
            fileRef = '__PBXFileRef_Packages/Kitura-Sys-0.13.2/Sources/KituraSys/Queue.swift';
        };
        '__src_cc_ref_Packages/Kitura-Sys-0.13.2/Sources/KituraSys/StringUtils.swift' = {
            isa = PBXBuildFile;
            fileRef = '__PBXFileRef_Packages/Kitura-Sys-0.13.2/Sources/KituraSys/StringUtils.swift';
        };
        '__src_cc_ref_Packages/Kitura-Sys-0.13.2/Sources/KituraSys/Server.swift' = {
            isa = PBXBuildFile;
            fileRef = '__PBXFileRef_Packages/Kitura-Sys-0.13.2/Sources/KituraSys/Server.swift';
        };
        _LinkFileRef_KituraSys = {
            isa = PBXBuildFile;
            fileRef = _____Product_KituraSys;
        };
        _______Confs_KituraSys = {
            isa = XCConfigurationList;
            buildConfigurations = (___DebugConf_KituraSys, _ReleaseConf_KituraSys);
            defaultConfigurationIsVisible = 0;
            defaultConfigurationName = Debug;
        };
        ___DebugConf_KituraSys = {
            isa = XCBuildConfiguration;
            buildSettings = { LD_RUNPATH_SEARCH_PATHS = '$(TOOLCHAIN_DIR)/usr/lib/swift/macosx'; ENABLE_TESTABILITY = YES; SWIFT_OPTIMIZATION_LEVEL = -Onone; };
            name = Debug;
        };
        _ReleaseConf_KituraSys = {
            isa = XCBuildConfiguration;
            buildSettings = { LD_RUNPATH_SEARCH_PATHS = '$(TOOLCHAIN_DIR)/usr/lib/swift/macosx'; ENABLE_TESTABILITY = YES; };
            name = Release;
        };
        __Dependency_KituraSys = {
            isa = PBXTargetDependency;
            target = ______Target_KituraSys;
        };
        _______Group_Socket = {
            isa = PBXGroup;
            name = Socket;
            path = 'Packages/Socket-0.5.19/Sources';
            sourceTree = '<group>';
            children = ('__PBXFileRef_Packages/Socket-0.5.19/Sources/Socket.swift', '__PBXFileRef_Packages/Socket-0.5.19/Sources/SocketUtils.swift', '__PBXFileRef_Packages/Socket-0.5.19/Sources/SocketProtocols.swift');
        };
        '__PBXFileRef_Packages/Socket-0.5.19/Sources/Socket.swift' = {
            isa = PBXFileReference;
            lastKnownFileType = sourcecode.swift;
            name = 'Socket.swift';
            sourceTree = '<group>';
        };
        '__PBXFileRef_Packages/Socket-0.5.19/Sources/SocketUtils.swift' = {
            isa = PBXFileReference;
            lastKnownFileType = sourcecode.swift;
            name = 'SocketUtils.swift';
            sourceTree = '<group>';
        };
        '__PBXFileRef_Packages/Socket-0.5.19/Sources/SocketProtocols.swift' = {
            isa = PBXFileReference;
            lastKnownFileType = sourcecode.swift;
            name = 'SocketProtocols.swift';
            sourceTree = '<group>';
        };
        ______Target_Socket = {
            isa = PBXNativeTarget;
            buildConfigurationList = _______Confs_Socket;
            buildPhases = (CompilePhase_Socket, ___LinkPhase_Socket);
            buildRules = ();
            dependencies = ();
            name = Socket;
            productName = Socket;
            productReference = _____Product_Socket;
            productType = 'com.apple.product-type.library.dynamic';
        };
        _____Product_Socket = {
            isa = PBXFileReference;
            explicitFileType = 'compiled.mach-o.dylib';
            path = 'Socket.dylib';
            sourceTree = BUILT_PRODUCTS_DIR;
        };
        CompilePhase_Socket = {
            isa = PBXSourcesBuildPhase;
            files = ('__src_cc_ref_Packages/Socket-0.5.19/Sources/Socket.swift', '__src_cc_ref_Packages/Socket-0.5.19/Sources/SocketUtils.swift', '__src_cc_ref_Packages/Socket-0.5.19/Sources/SocketProtocols.swift');
            runOnlyForDeploymentPostprocessing = 0;
        };
        ___LinkPhase_Socket = {
            isa = PBXFrameworksBuildPhase;
            files = ();
            runOnlyForDeploymentPostprocessing = 0;
        };
        '__src_cc_ref_Packages/Socket-0.5.19/Sources/Socket.swift' = {
            isa = PBXBuildFile;
            fileRef = '__PBXFileRef_Packages/Socket-0.5.19/Sources/Socket.swift';
        };
        '__src_cc_ref_Packages/Socket-0.5.19/Sources/SocketUtils.swift' = {
            isa = PBXBuildFile;
            fileRef = '__PBXFileRef_Packages/Socket-0.5.19/Sources/SocketUtils.swift';
        };
        '__src_cc_ref_Packages/Socket-0.5.19/Sources/SocketProtocols.swift' = {
            isa = PBXBuildFile;
            fileRef = '__PBXFileRef_Packages/Socket-0.5.19/Sources/SocketProtocols.swift';
        };
        _LinkFileRef_Socket = {
            isa = PBXBuildFile;
            fileRef = _____Product_Socket;
        };
        _______Confs_Socket = {
            isa = XCConfigurationList;
            buildConfigurations = (___DebugConf_Socket, _ReleaseConf_Socket);
            defaultConfigurationIsVisible = 0;
            defaultConfigurationName = Debug;
        };
        ___DebugConf_Socket = {
            isa = XCBuildConfiguration;
            buildSettings = { LD_RUNPATH_SEARCH_PATHS = '$(TOOLCHAIN_DIR)/usr/lib/swift/macosx'; ENABLE_TESTABILITY = YES; SWIFT_OPTIMIZATION_LEVEL = -Onone; };
            name = Debug;
        };
        _ReleaseConf_Socket = {
            isa = XCBuildConfiguration;
            buildSettings = { LD_RUNPATH_SEARCH_PATHS = '$(TOOLCHAIN_DIR)/usr/lib/swift/macosx'; ENABLE_TESTABILITY = YES; };
            name = Release;
        };
        __Dependency_Socket = {
            isa = PBXTargetDependency;
            target = ______Target_Socket;
        };
        _______Group_CHttpParser = {
            isa = PBXGroup;
            name = CHttpParser;
            path = 'Packages/CHttpParser-0.1.1/Sources/CHttpParser';
            sourceTree = '<group>';
            children = ('__PBXFileRef_Packages/CHttpParser-0.1.1/Sources/CHttpParser/http_parser.c', '__PBXFileRef_Packages/CHttpParser-0.1.1/Sources/CHttpParser/utils.c');
        };
        '__PBXFileRef_Packages/CHttpParser-0.1.1/Sources/CHttpParser/http_parser.c' = {
            isa = PBXFileReference;
            lastKnownFileType = sourcecode.c.c;
            name = 'http_parser.c';
            sourceTree = '<group>';
        };
        '__PBXFileRef_Packages/CHttpParser-0.1.1/Sources/CHttpParser/utils.c' = {
            isa = PBXFileReference;
            lastKnownFileType = sourcecode.c.c;
            name = 'utils.c';
            sourceTree = '<group>';
        };
        ______Target_CHttpParser = {
            isa = PBXNativeTarget;
            buildConfigurationList = _______Confs_CHttpParser;
            buildPhases = (CompilePhase_CHttpParser, ___LinkPhase_CHttpParser);
            buildRules = ();
            dependencies = ();
            name = CHttpParser;
            productName = CHttpParser;
            productReference = _____Product_CHttpParser;
            productType = 'com.apple.product-type.library.dynamic';
        };
        _____Product_CHttpParser = {
            isa = PBXFileReference;
            explicitFileType = 'compiled.mach-o.dylib';
            path = 'CHttpParser.dylib';
            sourceTree = BUILT_PRODUCTS_DIR;
        };
        CompilePhase_CHttpParser = {
            isa = PBXSourcesBuildPhase;
            files = ('__src_cc_ref_Packages/CHttpParser-0.1.1/Sources/CHttpParser/http_parser.c', '__src_cc_ref_Packages/CHttpParser-0.1.1/Sources/CHttpParser/utils.c');
            runOnlyForDeploymentPostprocessing = 0;
        };
        ___LinkPhase_CHttpParser = {
            isa = PBXFrameworksBuildPhase;
            files = ();
            runOnlyForDeploymentPostprocessing = 0;
        };
        '__src_cc_ref_Packages/CHttpParser-0.1.1/Sources/CHttpParser/http_parser.c' = {
            isa = PBXBuildFile;
            fileRef = '__PBXFileRef_Packages/CHttpParser-0.1.1/Sources/CHttpParser/http_parser.c';
        };
        '__src_cc_ref_Packages/CHttpParser-0.1.1/Sources/CHttpParser/utils.c' = {
            isa = PBXBuildFile;
            fileRef = '__PBXFileRef_Packages/CHttpParser-0.1.1/Sources/CHttpParser/utils.c';
        };
        _LinkFileRef_CHttpParser = {
            isa = PBXBuildFile;
            fileRef = _____Product_CHttpParser;
        };
        _______Confs_CHttpParser = {
            isa = XCConfigurationList;
            buildConfigurations = (___DebugConf_CHttpParser, _ReleaseConf_CHttpParser);
            defaultConfigurationIsVisible = 0;
            defaultConfigurationName = Debug;
        };
        ___DebugConf_CHttpParser = {
            isa = XCBuildConfiguration;
            buildSettings = { LD_RUNPATH_SEARCH_PATHS = '$(TOOLCHAIN_DIR)/usr/lib/swift/macosx'; ENABLE_TESTABILITY = YES; SWIFT_OPTIMIZATION_LEVEL = -Onone; };
            name = Debug;
        };
        _ReleaseConf_CHttpParser = {
            isa = XCBuildConfiguration;
            buildSettings = { LD_RUNPATH_SEARCH_PATHS = '$(TOOLCHAIN_DIR)/usr/lib/swift/macosx'; ENABLE_TESTABILITY = YES; };
            name = Release;
        };
        __Dependency_CHttpParser = {
            isa = PBXTargetDependency;
            target = ______Target_CHttpParser;
        };
        _______Group_KituraNet = {
            isa = PBXGroup;
            name = KituraNet;
            path = 'Packages/Kitura-net-0.15.6/Sources/KituraNet';
            sourceTree = '<group>';
            children = ('__PBXFileRef_Packages/Kitura-net-0.15.6/Sources/KituraNet/SPIUtils.swift', '__PBXFileRef_Packages/Kitura-net-0.15.6/Sources/KituraNet/ClientRequest.swift', '__PBXFileRef_Packages/Kitura-net-0.15.6/Sources/KituraNet/HTTPServer.swift', '__PBXFileRef_Packages/Kitura-net-0.15.6/Sources/KituraNet/ClientResponse.swift', '__PBXFileRef_Packages/Kitura-net-0.15.6/Sources/KituraNet/ServerRequest.swift', '__PBXFileRef_Packages/Kitura-net-0.15.6/Sources/KituraNet/HTTP.swift', '__PBXFileRef_Packages/Kitura-net-0.15.6/Sources/KituraNet/HeadersContainer.swift', '__PBXFileRef_Packages/Kitura-net-0.15.6/Sources/KituraNet/IncomingMessage.swift', '__PBXFileRef_Packages/Kitura-net-0.15.6/Sources/KituraNet/BufferList.swift', '__PBXFileRef_Packages/Kitura-net-0.15.6/Sources/KituraNet/ServerResponse.swift', '__PBXFileRef_Packages/Kitura-net-0.15.6/Sources/KituraNet/HTTPServerSPI.swift', '__PBXFileRef_Packages/Kitura-net-0.15.6/Sources/KituraNet/HTTPParser/HTTPParser.swift', '__PBXFileRef_Packages/Kitura-net-0.15.6/Sources/KituraNet/HTTPParser/URLParser.swift');
        };
        '__PBXFileRef_Packages/Kitura-net-0.15.6/Sources/KituraNet/SPIUtils.swift' = {
            isa = PBXFileReference;
            lastKnownFileType = sourcecode.swift;
            name = 'SPIUtils.swift';
            sourceTree = '<group>';
        };
        '__PBXFileRef_Packages/Kitura-net-0.15.6/Sources/KituraNet/ClientRequest.swift' = {
            isa = PBXFileReference;
            lastKnownFileType = sourcecode.swift;
            name = 'ClientRequest.swift';
            sourceTree = '<group>';
        };
        '__PBXFileRef_Packages/Kitura-net-0.15.6/Sources/KituraNet/HTTPServer.swift' = {
            isa = PBXFileReference;
            lastKnownFileType = sourcecode.swift;
            name = 'HTTPServer.swift';
            sourceTree = '<group>';
        };
        '__PBXFileRef_Packages/Kitura-net-0.15.6/Sources/KituraNet/ClientResponse.swift' = {
            isa = PBXFileReference;
            lastKnownFileType = sourcecode.swift;
            name = 'ClientResponse.swift';
            sourceTree = '<group>';
        };
        '__PBXFileRef_Packages/Kitura-net-0.15.6/Sources/KituraNet/ServerRequest.swift' = {
            isa = PBXFileReference;
            lastKnownFileType = sourcecode.swift;
            name = 'ServerRequest.swift';
            sourceTree = '<group>';
        };
        '__PBXFileRef_Packages/Kitura-net-0.15.6/Sources/KituraNet/HTTP.swift' = {
            isa = PBXFileReference;
            lastKnownFileType = sourcecode.swift;
            name = 'HTTP.swift';
            sourceTree = '<group>';
        };
        '__PBXFileRef_Packages/Kitura-net-0.15.6/Sources/KituraNet/HeadersContainer.swift' = {
            isa = PBXFileReference;
            lastKnownFileType = sourcecode.swift;
            name = 'HeadersContainer.swift';
            sourceTree = '<group>';
        };
        '__PBXFileRef_Packages/Kitura-net-0.15.6/Sources/KituraNet/IncomingMessage.swift' = {
            isa = PBXFileReference;
            lastKnownFileType = sourcecode.swift;
            name = 'IncomingMessage.swift';
            sourceTree = '<group>';
        };
        '__PBXFileRef_Packages/Kitura-net-0.15.6/Sources/KituraNet/BufferList.swift' = {
            isa = PBXFileReference;
            lastKnownFileType = sourcecode.swift;
            name = 'BufferList.swift';
            sourceTree = '<group>';
        };
        '__PBXFileRef_Packages/Kitura-net-0.15.6/Sources/KituraNet/ServerResponse.swift' = {
            isa = PBXFileReference;
            lastKnownFileType = sourcecode.swift;
            name = 'ServerResponse.swift';
            sourceTree = '<group>';
        };
        '__PBXFileRef_Packages/Kitura-net-0.15.6/Sources/KituraNet/HTTPServerSPI.swift' = {
            isa = PBXFileReference;
            lastKnownFileType = sourcecode.swift;
            name = 'HTTPServerSPI.swift';
            sourceTree = '<group>';
        };
        '__PBXFileRef_Packages/Kitura-net-0.15.6/Sources/KituraNet/HTTPParser/HTTPParser.swift' = {
            isa = PBXFileReference;
            lastKnownFileType = sourcecode.swift;
            name = 'HTTPParser/HTTPParser.swift';
            sourceTree = '<group>';
        };
        '__PBXFileRef_Packages/Kitura-net-0.15.6/Sources/KituraNet/HTTPParser/URLParser.swift' = {
            isa = PBXFileReference;
            lastKnownFileType = sourcecode.swift;
            name = 'HTTPParser/URLParser.swift';
            sourceTree = '<group>';
        };
        ______Target_KituraNet = {
            isa = PBXNativeTarget;
            buildConfigurationList = _______Confs_KituraNet;
            buildPhases = (CompilePhase_KituraNet, ___LinkPhase_KituraNet);
            buildRules = ();
            dependencies = (__Dependency_LoggerAPI, __Dependency_CHttpParser, __Dependency_Socket, __Dependency_KituraSys);
            name = KituraNet;
            productName = KituraNet;
            productReference = _____Product_KituraNet;
            productType = 'com.apple.product-type.library.dynamic';
        };
        _____Product_KituraNet = {
            isa = PBXFileReference;
            explicitFileType = 'compiled.mach-o.dylib';
            path = 'KituraNet.dylib';
            sourceTree = BUILT_PRODUCTS_DIR;
        };
        CompilePhase_KituraNet = {
            isa = PBXSourcesBuildPhase;
            files = ('__src_cc_ref_Packages/Kitura-net-0.15.6/Sources/KituraNet/SPIUtils.swift', '__src_cc_ref_Packages/Kitura-net-0.15.6/Sources/KituraNet/ClientRequest.swift', '__src_cc_ref_Packages/Kitura-net-0.15.6/Sources/KituraNet/HTTPServer.swift', '__src_cc_ref_Packages/Kitura-net-0.15.6/Sources/KituraNet/ClientResponse.swift', '__src_cc_ref_Packages/Kitura-net-0.15.6/Sources/KituraNet/ServerRequest.swift', '__src_cc_ref_Packages/Kitura-net-0.15.6/Sources/KituraNet/HTTP.swift', '__src_cc_ref_Packages/Kitura-net-0.15.6/Sources/KituraNet/HeadersContainer.swift', '__src_cc_ref_Packages/Kitura-net-0.15.6/Sources/KituraNet/IncomingMessage.swift', '__src_cc_ref_Packages/Kitura-net-0.15.6/Sources/KituraNet/BufferList.swift', '__src_cc_ref_Packages/Kitura-net-0.15.6/Sources/KituraNet/ServerResponse.swift', '__src_cc_ref_Packages/Kitura-net-0.15.6/Sources/KituraNet/HTTPServerSPI.swift', '__src_cc_ref_Packages/Kitura-net-0.15.6/Sources/KituraNet/HTTPParser/HTTPParser.swift', '__src_cc_ref_Packages/Kitura-net-0.15.6/Sources/KituraNet/HTTPParser/URLParser.swift');
            runOnlyForDeploymentPostprocessing = 0;
        };
        ___LinkPhase_KituraNet = {
            isa = PBXFrameworksBuildPhase;
            files = (_LinkFileRef_LoggerAPI, _LinkFileRef_CHttpParser, _LinkFileRef_Socket, _LinkFileRef_KituraSys);
            runOnlyForDeploymentPostprocessing = 0;
        };
        '__src_cc_ref_Packages/Kitura-net-0.15.6/Sources/KituraNet/SPIUtils.swift' = {
            isa = PBXBuildFile;
            fileRef = '__PBXFileRef_Packages/Kitura-net-0.15.6/Sources/KituraNet/SPIUtils.swift';
        };
        '__src_cc_ref_Packages/Kitura-net-0.15.6/Sources/KituraNet/ClientRequest.swift' = {
            isa = PBXBuildFile;
            fileRef = '__PBXFileRef_Packages/Kitura-net-0.15.6/Sources/KituraNet/ClientRequest.swift';
        };
        '__src_cc_ref_Packages/Kitura-net-0.15.6/Sources/KituraNet/HTTPServer.swift' = {
            isa = PBXBuildFile;
            fileRef = '__PBXFileRef_Packages/Kitura-net-0.15.6/Sources/KituraNet/HTTPServer.swift';
        };
        '__src_cc_ref_Packages/Kitura-net-0.15.6/Sources/KituraNet/ClientResponse.swift' = {
            isa = PBXBuildFile;
            fileRef = '__PBXFileRef_Packages/Kitura-net-0.15.6/Sources/KituraNet/ClientResponse.swift';
        };
        '__src_cc_ref_Packages/Kitura-net-0.15.6/Sources/KituraNet/ServerRequest.swift' = {
            isa = PBXBuildFile;
            fileRef = '__PBXFileRef_Packages/Kitura-net-0.15.6/Sources/KituraNet/ServerRequest.swift';
        };
        '__src_cc_ref_Packages/Kitura-net-0.15.6/Sources/KituraNet/HTTP.swift' = {
            isa = PBXBuildFile;
            fileRef = '__PBXFileRef_Packages/Kitura-net-0.15.6/Sources/KituraNet/HTTP.swift';
        };
        '__src_cc_ref_Packages/Kitura-net-0.15.6/Sources/KituraNet/HeadersContainer.swift' = {
            isa = PBXBuildFile;
            fileRef = '__PBXFileRef_Packages/Kitura-net-0.15.6/Sources/KituraNet/HeadersContainer.swift';
        };
        '__src_cc_ref_Packages/Kitura-net-0.15.6/Sources/KituraNet/IncomingMessage.swift' = {
            isa = PBXBuildFile;
            fileRef = '__PBXFileRef_Packages/Kitura-net-0.15.6/Sources/KituraNet/IncomingMessage.swift';
        };
        '__src_cc_ref_Packages/Kitura-net-0.15.6/Sources/KituraNet/BufferList.swift' = {
            isa = PBXBuildFile;
            fileRef = '__PBXFileRef_Packages/Kitura-net-0.15.6/Sources/KituraNet/BufferList.swift';
        };
        '__src_cc_ref_Packages/Kitura-net-0.15.6/Sources/KituraNet/ServerResponse.swift' = {
            isa = PBXBuildFile;
            fileRef = '__PBXFileRef_Packages/Kitura-net-0.15.6/Sources/KituraNet/ServerResponse.swift';
        };
        '__src_cc_ref_Packages/Kitura-net-0.15.6/Sources/KituraNet/HTTPServerSPI.swift' = {
            isa = PBXBuildFile;
            fileRef = '__PBXFileRef_Packages/Kitura-net-0.15.6/Sources/KituraNet/HTTPServerSPI.swift';
        };
        '__src_cc_ref_Packages/Kitura-net-0.15.6/Sources/KituraNet/HTTPParser/HTTPParser.swift' = {
            isa = PBXBuildFile;
            fileRef = '__PBXFileRef_Packages/Kitura-net-0.15.6/Sources/KituraNet/HTTPParser/HTTPParser.swift';
        };
        '__src_cc_ref_Packages/Kitura-net-0.15.6/Sources/KituraNet/HTTPParser/URLParser.swift' = {
            isa = PBXBuildFile;
            fileRef = '__PBXFileRef_Packages/Kitura-net-0.15.6/Sources/KituraNet/HTTPParser/URLParser.swift';
        };
        _LinkFileRef_KituraNet = {
            isa = PBXBuildFile;
            fileRef = _____Product_KituraNet;
        };
        _______Confs_KituraNet = {
            isa = XCConfigurationList;
            buildConfigurations = (___DebugConf_KituraNet, _ReleaseConf_KituraNet);
            defaultConfigurationIsVisible = 0;
            defaultConfigurationName = Debug;
        };
        ___DebugConf_KituraNet = {
            isa = XCBuildConfiguration;
            buildSettings = { LD_RUNPATH_SEARCH_PATHS = '$(TOOLCHAIN_DIR)/usr/lib/swift/macosx'; ENABLE_TESTABILITY = YES; HEADER_SEARCH_PATHS = ( "/root/Kitura-Starter-Bluemix/Packages/CHttpParser-0.1.1/Sources/CHttpParser/include", "/root/Kitura-Starter-Bluemix/Packages/CCurl-0.1.1" ); SWIFT_OPTIMIZATION_LEVEL = -Onone; };
            name = Debug;
        };
        _ReleaseConf_KituraNet = {
            isa = XCBuildConfiguration;
            buildSettings = { LD_RUNPATH_SEARCH_PATHS = '$(TOOLCHAIN_DIR)/usr/lib/swift/macosx'; ENABLE_TESTABILITY = YES; HEADER_SEARCH_PATHS = ( "/root/Kitura-Starter-Bluemix/Packages/CHttpParser-0.1.1/Sources/CHttpParser/include", "/root/Kitura-Starter-Bluemix/Packages/CCurl-0.1.1" ); };
            name = Release;
        };
        __Dependency_KituraNet = {
            isa = PBXTargetDependency;
            target = ______Target_KituraNet;
        };
        _______Group_SwiftyJSON = {
            isa = PBXGroup;
            name = SwiftyJSON;
            path = 'Packages/SwiftyJSON-7.0.4/Source';
            sourceTree = '<group>';
            children = ('__PBXFileRef_Packages/SwiftyJSON-7.0.4/Source/NSExtension.swift', '__PBXFileRef_Packages/SwiftyJSON-7.0.4/Source/LclJSONSerialization.swift', '__PBXFileRef_Packages/SwiftyJSON-7.0.4/Source/SwiftyJSON.swift');
        };
        '__PBXFileRef_Packages/SwiftyJSON-7.0.4/Source/NSExtension.swift' = {
            isa = PBXFileReference;
            lastKnownFileType = sourcecode.swift;
            name = 'NSExtension.swift';
            sourceTree = '<group>';
        };
        '__PBXFileRef_Packages/SwiftyJSON-7.0.4/Source/LclJSONSerialization.swift' = {
            isa = PBXFileReference;
            lastKnownFileType = sourcecode.swift;
            name = 'LclJSONSerialization.swift';
            sourceTree = '<group>';
        };
        '__PBXFileRef_Packages/SwiftyJSON-7.0.4/Source/SwiftyJSON.swift' = {
            isa = PBXFileReference;
            lastKnownFileType = sourcecode.swift;
            name = 'SwiftyJSON.swift';
            sourceTree = '<group>';
        };
        ______Target_SwiftyJSON = {
            isa = PBXNativeTarget;
            buildConfigurationList = _______Confs_SwiftyJSON;
            buildPhases = (CompilePhase_SwiftyJSON, ___LinkPhase_SwiftyJSON);
            buildRules = ();
            dependencies = ();
            name = SwiftyJSON;
            productName = SwiftyJSON;
            productReference = _____Product_SwiftyJSON;
            productType = 'com.apple.product-type.library.dynamic';
        };
        _____Product_SwiftyJSON = {
            isa = PBXFileReference;
            explicitFileType = 'compiled.mach-o.dylib';
            path = 'SwiftyJSON.dylib';
            sourceTree = BUILT_PRODUCTS_DIR;
        };
        CompilePhase_SwiftyJSON = {
            isa = PBXSourcesBuildPhase;
            files = ('__src_cc_ref_Packages/SwiftyJSON-7.0.4/Source/NSExtension.swift', '__src_cc_ref_Packages/SwiftyJSON-7.0.4/Source/LclJSONSerialization.swift', '__src_cc_ref_Packages/SwiftyJSON-7.0.4/Source/SwiftyJSON.swift');
            runOnlyForDeploymentPostprocessing = 0;
        };
        ___LinkPhase_SwiftyJSON = {
            isa = PBXFrameworksBuildPhase;
            files = ();
            runOnlyForDeploymentPostprocessing = 0;
        };
        '__src_cc_ref_Packages/SwiftyJSON-7.0.4/Source/NSExtension.swift' = {
            isa = PBXBuildFile;
            fileRef = '__PBXFileRef_Packages/SwiftyJSON-7.0.4/Source/NSExtension.swift';
        };
        '__src_cc_ref_Packages/SwiftyJSON-7.0.4/Source/LclJSONSerialization.swift' = {
            isa = PBXBuildFile;
            fileRef = '__PBXFileRef_Packages/SwiftyJSON-7.0.4/Source/LclJSONSerialization.swift';
        };
        '__src_cc_ref_Packages/SwiftyJSON-7.0.4/Source/SwiftyJSON.swift' = {
            isa = PBXBuildFile;
            fileRef = '__PBXFileRef_Packages/SwiftyJSON-7.0.4/Source/SwiftyJSON.swift';
        };
        _LinkFileRef_SwiftyJSON = {
            isa = PBXBuildFile;
            fileRef = _____Product_SwiftyJSON;
        };
        _______Confs_SwiftyJSON = {
            isa = XCConfigurationList;
            buildConfigurations = (___DebugConf_SwiftyJSON, _ReleaseConf_SwiftyJSON);
            defaultConfigurationIsVisible = 0;
            defaultConfigurationName = Debug;
        };
        ___DebugConf_SwiftyJSON = {
            isa = XCBuildConfiguration;
            buildSettings = { LD_RUNPATH_SEARCH_PATHS = '$(TOOLCHAIN_DIR)/usr/lib/swift/macosx'; ENABLE_TESTABILITY = YES; SWIFT_OPTIMIZATION_LEVEL = -Onone; };
            name = Debug;
        };
        _ReleaseConf_SwiftyJSON = {
            isa = XCBuildConfiguration;
            buildSettings = { LD_RUNPATH_SEARCH_PATHS = '$(TOOLCHAIN_DIR)/usr/lib/swift/macosx'; ENABLE_TESTABILITY = YES; };
            name = Release;
        };
        __Dependency_SwiftyJSON = {
            isa = PBXTargetDependency;
            target = ______Target_SwiftyJSON;
        };
        _______Group_KituraTemplateEngine = {
            isa = PBXGroup;
            name = KituraTemplateEngine;
            path = 'Packages/Kitura-TemplateEngine-0.13.0/Sources/KituraTemplateEngine';
            sourceTree = '<group>';
            children = ('__PBXFileRef_Packages/Kitura-TemplateEngine-0.13.0/Sources/KituraTemplateEngine/TemplateEngine.swift');
        };
        '__PBXFileRef_Packages/Kitura-TemplateEngine-0.13.0/Sources/KituraTemplateEngine/TemplateEngine.swift' = {
            isa = PBXFileReference;
            lastKnownFileType = sourcecode.swift;
            name = 'TemplateEngine.swift';
            sourceTree = '<group>';
        };
        ______Target_KituraTemplateEngine = {
            isa = PBXNativeTarget;
            buildConfigurationList = _______Confs_KituraTemplateEngine;
            buildPhases = (CompilePhase_KituraTemplateEngine, ___LinkPhase_KituraTemplateEngine);
            buildRules = ();
            dependencies = ();
            name = KituraTemplateEngine;
            productName = KituraTemplateEngine;
            productReference = _____Product_KituraTemplateEngine;
            productType = 'com.apple.product-type.library.dynamic';
        };
        _____Product_KituraTemplateEngine = {
            isa = PBXFileReference;
            explicitFileType = 'compiled.mach-o.dylib';
            path = 'KituraTemplateEngine.dylib';
            sourceTree = BUILT_PRODUCTS_DIR;
        };
        CompilePhase_KituraTemplateEngine = {
            isa = PBXSourcesBuildPhase;
            files = ('__src_cc_ref_Packages/Kitura-TemplateEngine-0.13.0/Sources/KituraTemplateEngine/TemplateEngine.swift');
            runOnlyForDeploymentPostprocessing = 0;
        };
        ___LinkPhase_KituraTemplateEngine = {
            isa = PBXFrameworksBuildPhase;
            files = ();
            runOnlyForDeploymentPostprocessing = 0;
        };
        '__src_cc_ref_Packages/Kitura-TemplateEngine-0.13.0/Sources/KituraTemplateEngine/TemplateEngine.swift' = {
            isa = PBXBuildFile;
            fileRef = '__PBXFileRef_Packages/Kitura-TemplateEngine-0.13.0/Sources/KituraTemplateEngine/TemplateEngine.swift';
        };
        _LinkFileRef_KituraTemplateEngine = {
            isa = PBXBuildFile;
            fileRef = _____Product_KituraTemplateEngine;
        };
        _______Confs_KituraTemplateEngine = {
            isa = XCConfigurationList;
            buildConfigurations = (___DebugConf_KituraTemplateEngine, _ReleaseConf_KituraTemplateEngine);
            defaultConfigurationIsVisible = 0;
            defaultConfigurationName = Debug;
        };
        ___DebugConf_KituraTemplateEngine = {
            isa = XCBuildConfiguration;
            buildSettings = { LD_RUNPATH_SEARCH_PATHS = '$(TOOLCHAIN_DIR)/usr/lib/swift/macosx'; ENABLE_TESTABILITY = YES; SWIFT_OPTIMIZATION_LEVEL = -Onone; };
            name = Debug;
        };
        _ReleaseConf_KituraTemplateEngine = {
            isa = XCBuildConfiguration;
            buildSettings = { LD_RUNPATH_SEARCH_PATHS = '$(TOOLCHAIN_DIR)/usr/lib/swift/macosx'; ENABLE_TESTABILITY = YES; };
            name = Release;
        };
        __Dependency_KituraTemplateEngine = {
            isa = PBXTargetDependency;
            target = ______Target_KituraTemplateEngine;
        };
        _______Group_Kitura = {
            isa = PBXGroup;
            name = Kitura;
            path = 'Packages/Kitura-0.15.6/Sources/Kitura';
            sourceTree = '<group>';
            children = ('__PBXFileRef_Packages/Kitura-0.15.6/Sources/Kitura/RouterElement.swift', '__PBXFileRef_Packages/Kitura-0.15.6/Sources/Kitura/RouterHandler.swift', '__PBXFileRef_Packages/Kitura-0.15.6/Sources/Kitura/RouteRegex.swift', '__PBXFileRef_Packages/Kitura-0.15.6/Sources/Kitura/Kitura.swift', '__PBXFileRef_Packages/Kitura-0.15.6/Sources/Kitura/RouterElementWalker.swift', '__PBXFileRef_Packages/Kitura-0.15.6/Sources/Kitura/TemplatingError.swift', '__PBXFileRef_Packages/Kitura-0.15.6/Sources/Kitura/RouterMiddleware.swift', '__PBXFileRef_Packages/Kitura-0.15.6/Sources/Kitura/Router.swift', '__PBXFileRef_Packages/Kitura-0.15.6/Sources/Kitura/Headers.swift', '__PBXFileRef_Packages/Kitura-0.15.6/Sources/Kitura/RouterMiddlewareGenerator.swift', '__PBXFileRef_Packages/Kitura-0.15.6/Sources/Kitura/RouterRequest.swift', '__PBXFileRef_Packages/Kitura-0.15.6/Sources/Kitura/RouterMethod.swift', '__PBXFileRef_Packages/Kitura-0.15.6/Sources/Kitura/InternalError.swift', '__PBXFileRef_Packages/Kitura-0.15.6/Sources/Kitura/RouterResponse.swift', '__PBXFileRef_Packages/Kitura-0.15.6/Sources/Kitura/RouterMiddlewareWalker.swift', '__PBXFileRef_Packages/Kitura-0.15.6/Sources/Kitura/Error.swift', '__PBXFileRef_Packages/Kitura-0.15.6/Sources/Kitura/staticFileServer/StaticFileServer.swift', '__PBXFileRef_Packages/Kitura-0.15.6/Sources/Kitura/staticFileServer/ResponseHeadersSetter.swift', '__PBXFileRef_Packages/Kitura-0.15.6/Sources/Kitura/contentType/types.swift', '__PBXFileRef_Packages/Kitura-0.15.6/Sources/Kitura/contentType/ContentType.swift', '__PBXFileRef_Packages/Kitura-0.15.6/Sources/Kitura/bodyParser/BodyParser.swift', '__PBXFileRef_Packages/Kitura-0.15.6/Sources/Kitura/bodyParser/Part.swift', '__PBXFileRef_Packages/Kitura-0.15.6/Sources/Kitura/bodyParser/ParsedBody.swift');
        };
        '__PBXFileRef_Packages/Kitura-0.15.6/Sources/Kitura/RouterElement.swift' = {
            isa = PBXFileReference;
            lastKnownFileType = sourcecode.swift;
            name = 'RouterElement.swift';
            sourceTree = '<group>';
        };
        '__PBXFileRef_Packages/Kitura-0.15.6/Sources/Kitura/RouterHandler.swift' = {
            isa = PBXFileReference;
            lastKnownFileType = sourcecode.swift;
            name = 'RouterHandler.swift';
            sourceTree = '<group>';
        };
        '__PBXFileRef_Packages/Kitura-0.15.6/Sources/Kitura/RouteRegex.swift' = {
            isa = PBXFileReference;
            lastKnownFileType = sourcecode.swift;
            name = 'RouteRegex.swift';
            sourceTree = '<group>';
        };
        '__PBXFileRef_Packages/Kitura-0.15.6/Sources/Kitura/Kitura.swift' = {
            isa = PBXFileReference;
            lastKnownFileType = sourcecode.swift;
            name = 'Kitura.swift';
            sourceTree = '<group>';
        };
        '__PBXFileRef_Packages/Kitura-0.15.6/Sources/Kitura/RouterElementWalker.swift' = {
            isa = PBXFileReference;
            lastKnownFileType = sourcecode.swift;
            name = 'RouterElementWalker.swift';
            sourceTree = '<group>';
        };
        '__PBXFileRef_Packages/Kitura-0.15.6/Sources/Kitura/TemplatingError.swift' = {
            isa = PBXFileReference;
            lastKnownFileType = sourcecode.swift;
            name = 'TemplatingError.swift';
            sourceTree = '<group>';
        };
        '__PBXFileRef_Packages/Kitura-0.15.6/Sources/Kitura/RouterMiddleware.swift' = {
            isa = PBXFileReference;
            lastKnownFileType = sourcecode.swift;
            name = 'RouterMiddleware.swift';
            sourceTree = '<group>';
        };
        '__PBXFileRef_Packages/Kitura-0.15.6/Sources/Kitura/Router.swift' = {
            isa = PBXFileReference;
            lastKnownFileType = sourcecode.swift;
            name = 'Router.swift';
            sourceTree = '<group>';
        };
        '__PBXFileRef_Packages/Kitura-0.15.6/Sources/Kitura/Headers.swift' = {
            isa = PBXFileReference;
            lastKnownFileType = sourcecode.swift;
            name = 'Headers.swift';
            sourceTree = '<group>';
        };
        '__PBXFileRef_Packages/Kitura-0.15.6/Sources/Kitura/RouterMiddlewareGenerator.swift' = {
            isa = PBXFileReference;
            lastKnownFileType = sourcecode.swift;
            name = 'RouterMiddlewareGenerator.swift';
            sourceTree = '<group>';
        };
        '__PBXFileRef_Packages/Kitura-0.15.6/Sources/Kitura/RouterRequest.swift' = {
            isa = PBXFileReference;
            lastKnownFileType = sourcecode.swift;
            name = 'RouterRequest.swift';
            sourceTree = '<group>';
        };
        '__PBXFileRef_Packages/Kitura-0.15.6/Sources/Kitura/RouterMethod.swift' = {
            isa = PBXFileReference;
            lastKnownFileType = sourcecode.swift;
            name = 'RouterMethod.swift';
            sourceTree = '<group>';
        };
        '__PBXFileRef_Packages/Kitura-0.15.6/Sources/Kitura/InternalError.swift' = {
            isa = PBXFileReference;
            lastKnownFileType = sourcecode.swift;
            name = 'InternalError.swift';
            sourceTree = '<group>';
        };
        '__PBXFileRef_Packages/Kitura-0.15.6/Sources/Kitura/RouterResponse.swift' = {
            isa = PBXFileReference;
            lastKnownFileType = sourcecode.swift;
            name = 'RouterResponse.swift';
            sourceTree = '<group>';
        };
        '__PBXFileRef_Packages/Kitura-0.15.6/Sources/Kitura/RouterMiddlewareWalker.swift' = {
            isa = PBXFileReference;
            lastKnownFileType = sourcecode.swift;
            name = 'RouterMiddlewareWalker.swift';
            sourceTree = '<group>';
        };
        '__PBXFileRef_Packages/Kitura-0.15.6/Sources/Kitura/Error.swift' = {
            isa = PBXFileReference;
            lastKnownFileType = sourcecode.swift;
            name = 'Error.swift';
            sourceTree = '<group>';
        };
        '__PBXFileRef_Packages/Kitura-0.15.6/Sources/Kitura/staticFileServer/StaticFileServer.swift' = {
            isa = PBXFileReference;
            lastKnownFileType = sourcecode.swift;
            name = 'staticFileServer/StaticFileServer.swift';
            sourceTree = '<group>';
        };
        '__PBXFileRef_Packages/Kitura-0.15.6/Sources/Kitura/staticFileServer/ResponseHeadersSetter.swift' = {
            isa = PBXFileReference;
            lastKnownFileType = sourcecode.swift;
            name = 'staticFileServer/ResponseHeadersSetter.swift';
            sourceTree = '<group>';
        };
        '__PBXFileRef_Packages/Kitura-0.15.6/Sources/Kitura/contentType/types.swift' = {
            isa = PBXFileReference;
            lastKnownFileType = sourcecode.swift;
            name = 'contentType/types.swift';
            sourceTree = '<group>';
        };
        '__PBXFileRef_Packages/Kitura-0.15.6/Sources/Kitura/contentType/ContentType.swift' = {
            isa = PBXFileReference;
            lastKnownFileType = sourcecode.swift;
            name = 'contentType/ContentType.swift';
            sourceTree = '<group>';
        };
        '__PBXFileRef_Packages/Kitura-0.15.6/Sources/Kitura/bodyParser/BodyParser.swift' = {
            isa = PBXFileReference;
            lastKnownFileType = sourcecode.swift;
            name = 'bodyParser/BodyParser.swift';
            sourceTree = '<group>';
        };
        '__PBXFileRef_Packages/Kitura-0.15.6/Sources/Kitura/bodyParser/Part.swift' = {
            isa = PBXFileReference;
            lastKnownFileType = sourcecode.swift;
            name = 'bodyParser/Part.swift';
            sourceTree = '<group>';
        };
        '__PBXFileRef_Packages/Kitura-0.15.6/Sources/Kitura/bodyParser/ParsedBody.swift' = {
            isa = PBXFileReference;
            lastKnownFileType = sourcecode.swift;
            name = 'bodyParser/ParsedBody.swift';
            sourceTree = '<group>';
        };
        ______Target_Kitura = {
            isa = PBXNativeTarget;
            buildConfigurationList = _______Confs_Kitura;
            buildPhases = (CompilePhase_Kitura, ___LinkPhase_Kitura);
            buildRules = ();
            dependencies = (__Dependency_LoggerAPI, __Dependency_CHttpParser, __Dependency_Socket, __Dependency_KituraSys, __Dependency_KituraTemplateEngine, __Dependency_SwiftyJSON, __Dependency_KituraNet);
            name = Kitura;
            productName = Kitura;
            productReference = _____Product_Kitura;
            productType = 'com.apple.product-type.library.dynamic';
        };
        _____Product_Kitura = {
            isa = PBXFileReference;
            explicitFileType = 'compiled.mach-o.dylib';
            path = 'Kitura.dylib';
            sourceTree = BUILT_PRODUCTS_DIR;
        };
        CompilePhase_Kitura = {
            isa = PBXSourcesBuildPhase;
            files = ('__src_cc_ref_Packages/Kitura-0.15.6/Sources/Kitura/RouterElement.swift', '__src_cc_ref_Packages/Kitura-0.15.6/Sources/Kitura/RouterHandler.swift', '__src_cc_ref_Packages/Kitura-0.15.6/Sources/Kitura/RouteRegex.swift', '__src_cc_ref_Packages/Kitura-0.15.6/Sources/Kitura/Kitura.swift', '__src_cc_ref_Packages/Kitura-0.15.6/Sources/Kitura/RouterElementWalker.swift', '__src_cc_ref_Packages/Kitura-0.15.6/Sources/Kitura/TemplatingError.swift', '__src_cc_ref_Packages/Kitura-0.15.6/Sources/Kitura/RouterMiddleware.swift', '__src_cc_ref_Packages/Kitura-0.15.6/Sources/Kitura/Router.swift', '__src_cc_ref_Packages/Kitura-0.15.6/Sources/Kitura/Headers.swift', '__src_cc_ref_Packages/Kitura-0.15.6/Sources/Kitura/RouterMiddlewareGenerator.swift', '__src_cc_ref_Packages/Kitura-0.15.6/Sources/Kitura/RouterRequest.swift', '__src_cc_ref_Packages/Kitura-0.15.6/Sources/Kitura/RouterMethod.swift', '__src_cc_ref_Packages/Kitura-0.15.6/Sources/Kitura/InternalError.swift', '__src_cc_ref_Packages/Kitura-0.15.6/Sources/Kitura/RouterResponse.swift', '__src_cc_ref_Packages/Kitura-0.15.6/Sources/Kitura/RouterMiddlewareWalker.swift', '__src_cc_ref_Packages/Kitura-0.15.6/Sources/Kitura/Error.swift', '__src_cc_ref_Packages/Kitura-0.15.6/Sources/Kitura/staticFileServer/StaticFileServer.swift', '__src_cc_ref_Packages/Kitura-0.15.6/Sources/Kitura/staticFileServer/ResponseHeadersSetter.swift', '__src_cc_ref_Packages/Kitura-0.15.6/Sources/Kitura/contentType/types.swift', '__src_cc_ref_Packages/Kitura-0.15.6/Sources/Kitura/contentType/ContentType.swift', '__src_cc_ref_Packages/Kitura-0.15.6/Sources/Kitura/bodyParser/BodyParser.swift', '__src_cc_ref_Packages/Kitura-0.15.6/Sources/Kitura/bodyParser/Part.swift', '__src_cc_ref_Packages/Kitura-0.15.6/Sources/Kitura/bodyParser/ParsedBody.swift');
            runOnlyForDeploymentPostprocessing = 0;
        };
        ___LinkPhase_Kitura = {
            isa = PBXFrameworksBuildPhase;
            files = (_LinkFileRef_LoggerAPI, _LinkFileRef_CHttpParser, _LinkFileRef_Socket, _LinkFileRef_KituraSys, _LinkFileRef_KituraTemplateEngine, _LinkFileRef_SwiftyJSON, _LinkFileRef_KituraNet);
            runOnlyForDeploymentPostprocessing = 0;
        };
        '__src_cc_ref_Packages/Kitura-0.15.6/Sources/Kitura/RouterElement.swift' = {
            isa = PBXBuildFile;
            fileRef = '__PBXFileRef_Packages/Kitura-0.15.6/Sources/Kitura/RouterElement.swift';
        };
        '__src_cc_ref_Packages/Kitura-0.15.6/Sources/Kitura/RouterHandler.swift' = {
            isa = PBXBuildFile;
            fileRef = '__PBXFileRef_Packages/Kitura-0.15.6/Sources/Kitura/RouterHandler.swift';
        };
        '__src_cc_ref_Packages/Kitura-0.15.6/Sources/Kitura/RouteRegex.swift' = {
            isa = PBXBuildFile;
            fileRef = '__PBXFileRef_Packages/Kitura-0.15.6/Sources/Kitura/RouteRegex.swift';
        };
        '__src_cc_ref_Packages/Kitura-0.15.6/Sources/Kitura/Kitura.swift' = {
            isa = PBXBuildFile;
            fileRef = '__PBXFileRef_Packages/Kitura-0.15.6/Sources/Kitura/Kitura.swift';
        };
        '__src_cc_ref_Packages/Kitura-0.15.6/Sources/Kitura/RouterElementWalker.swift' = {
            isa = PBXBuildFile;
            fileRef = '__PBXFileRef_Packages/Kitura-0.15.6/Sources/Kitura/RouterElementWalker.swift';
        };
        '__src_cc_ref_Packages/Kitura-0.15.6/Sources/Kitura/TemplatingError.swift' = {
            isa = PBXBuildFile;
            fileRef = '__PBXFileRef_Packages/Kitura-0.15.6/Sources/Kitura/TemplatingError.swift';
        };
        '__src_cc_ref_Packages/Kitura-0.15.6/Sources/Kitura/RouterMiddleware.swift' = {
            isa = PBXBuildFile;
            fileRef = '__PBXFileRef_Packages/Kitura-0.15.6/Sources/Kitura/RouterMiddleware.swift';
        };
        '__src_cc_ref_Packages/Kitura-0.15.6/Sources/Kitura/Router.swift' = {
            isa = PBXBuildFile;
            fileRef = '__PBXFileRef_Packages/Kitura-0.15.6/Sources/Kitura/Router.swift';
        };
        '__src_cc_ref_Packages/Kitura-0.15.6/Sources/Kitura/Headers.swift' = {
            isa = PBXBuildFile;
            fileRef = '__PBXFileRef_Packages/Kitura-0.15.6/Sources/Kitura/Headers.swift';
        };
        '__src_cc_ref_Packages/Kitura-0.15.6/Sources/Kitura/RouterMiddlewareGenerator.swift' = {
            isa = PBXBuildFile;
            fileRef = '__PBXFileRef_Packages/Kitura-0.15.6/Sources/Kitura/RouterMiddlewareGenerator.swift';
        };
        '__src_cc_ref_Packages/Kitura-0.15.6/Sources/Kitura/RouterRequest.swift' = {
            isa = PBXBuildFile;
            fileRef = '__PBXFileRef_Packages/Kitura-0.15.6/Sources/Kitura/RouterRequest.swift';
        };
        '__src_cc_ref_Packages/Kitura-0.15.6/Sources/Kitura/RouterMethod.swift' = {
            isa = PBXBuildFile;
            fileRef = '__PBXFileRef_Packages/Kitura-0.15.6/Sources/Kitura/RouterMethod.swift';
        };
        '__src_cc_ref_Packages/Kitura-0.15.6/Sources/Kitura/InternalError.swift' = {
            isa = PBXBuildFile;
            fileRef = '__PBXFileRef_Packages/Kitura-0.15.6/Sources/Kitura/InternalError.swift';
        };
        '__src_cc_ref_Packages/Kitura-0.15.6/Sources/Kitura/RouterResponse.swift' = {
            isa = PBXBuildFile;
            fileRef = '__PBXFileRef_Packages/Kitura-0.15.6/Sources/Kitura/RouterResponse.swift';
        };
        '__src_cc_ref_Packages/Kitura-0.15.6/Sources/Kitura/RouterMiddlewareWalker.swift' = {
            isa = PBXBuildFile;
            fileRef = '__PBXFileRef_Packages/Kitura-0.15.6/Sources/Kitura/RouterMiddlewareWalker.swift';
        };
        '__src_cc_ref_Packages/Kitura-0.15.6/Sources/Kitura/Error.swift' = {
            isa = PBXBuildFile;
            fileRef = '__PBXFileRef_Packages/Kitura-0.15.6/Sources/Kitura/Error.swift';
        };
        '__src_cc_ref_Packages/Kitura-0.15.6/Sources/Kitura/staticFileServer/StaticFileServer.swift' = {
            isa = PBXBuildFile;
            fileRef = '__PBXFileRef_Packages/Kitura-0.15.6/Sources/Kitura/staticFileServer/StaticFileServer.swift';
        };
        '__src_cc_ref_Packages/Kitura-0.15.6/Sources/Kitura/staticFileServer/ResponseHeadersSetter.swift' = {
            isa = PBXBuildFile;
            fileRef = '__PBXFileRef_Packages/Kitura-0.15.6/Sources/Kitura/staticFileServer/ResponseHeadersSetter.swift';
        };
        '__src_cc_ref_Packages/Kitura-0.15.6/Sources/Kitura/contentType/types.swift' = {
            isa = PBXBuildFile;
            fileRef = '__PBXFileRef_Packages/Kitura-0.15.6/Sources/Kitura/contentType/types.swift';
        };
        '__src_cc_ref_Packages/Kitura-0.15.6/Sources/Kitura/contentType/ContentType.swift' = {
            isa = PBXBuildFile;
            fileRef = '__PBXFileRef_Packages/Kitura-0.15.6/Sources/Kitura/contentType/ContentType.swift';
        };
        '__src_cc_ref_Packages/Kitura-0.15.6/Sources/Kitura/bodyParser/BodyParser.swift' = {
            isa = PBXBuildFile;
            fileRef = '__PBXFileRef_Packages/Kitura-0.15.6/Sources/Kitura/bodyParser/BodyParser.swift';
        };
        '__src_cc_ref_Packages/Kitura-0.15.6/Sources/Kitura/bodyParser/Part.swift' = {
            isa = PBXBuildFile;
            fileRef = '__PBXFileRef_Packages/Kitura-0.15.6/Sources/Kitura/bodyParser/Part.swift';
        };
        '__src_cc_ref_Packages/Kitura-0.15.6/Sources/Kitura/bodyParser/ParsedBody.swift' = {
            isa = PBXBuildFile;
            fileRef = '__PBXFileRef_Packages/Kitura-0.15.6/Sources/Kitura/bodyParser/ParsedBody.swift';
        };
        _LinkFileRef_Kitura = {
            isa = PBXBuildFile;
            fileRef = _____Product_Kitura;
        };
        _______Confs_Kitura = {
            isa = XCConfigurationList;
            buildConfigurations = (___DebugConf_Kitura, _ReleaseConf_Kitura);
            defaultConfigurationIsVisible = 0;
            defaultConfigurationName = Debug;
        };
        ___DebugConf_Kitura = {
            isa = XCBuildConfiguration;
            buildSettings = { LD_RUNPATH_SEARCH_PATHS = '$(TOOLCHAIN_DIR)/usr/lib/swift/macosx'; ENABLE_TESTABILITY = YES; HEADER_SEARCH_PATHS = ( "/root/Kitura-Starter-Bluemix/Packages/CHttpParser-0.1.1/Sources/CHttpParser/include", "/root/Kitura-Starter-Bluemix/Packages/CCurl-0.1.1" ); SWIFT_OPTIMIZATION_LEVEL = -Onone; };
            name = Debug;
        };
        _ReleaseConf_Kitura = {
            isa = XCBuildConfiguration;
            buildSettings = { LD_RUNPATH_SEARCH_PATHS = '$(TOOLCHAIN_DIR)/usr/lib/swift/macosx'; ENABLE_TESTABILITY = YES; HEADER_SEARCH_PATHS = ( "/root/Kitura-Starter-Bluemix/Packages/CHttpParser-0.1.1/Sources/CHttpParser/include", "/root/Kitura-Starter-Bluemix/Packages/CCurl-0.1.1" ); };
            name = Release;
        };
        __Dependency_Kitura = {
            isa = PBXTargetDependency;
            target = ______Target_Kitura;
        };
        _______Group_HeliumLogger = {
            isa = PBXGroup;
            name = HeliumLogger;
            path = 'Packages/HeliumLogger-0.7.4/Sources/HeliumLogger';
            sourceTree = '<group>';
            children = ('__PBXFileRef_Packages/HeliumLogger-0.7.4/Sources/HeliumLogger/HeliumLogger.swift');
        };
        '__PBXFileRef_Packages/HeliumLogger-0.7.4/Sources/HeliumLogger/HeliumLogger.swift' = {
            isa = PBXFileReference;
            lastKnownFileType = sourcecode.swift;
            name = 'HeliumLogger.swift';
            sourceTree = '<group>';
        };
        ______Target_HeliumLogger = {
            isa = PBXNativeTarget;
            buildConfigurationList = _______Confs_HeliumLogger;
            buildPhases = (CompilePhase_HeliumLogger, ___LinkPhase_HeliumLogger);
            buildRules = ();
            dependencies = (__Dependency_LoggerAPI);
            name = HeliumLogger;
            productName = HeliumLogger;
            productReference = _____Product_HeliumLogger;
            productType = 'com.apple.product-type.library.dynamic';
        };
        _____Product_HeliumLogger = {
            isa = PBXFileReference;
            explicitFileType = 'compiled.mach-o.dylib';
            path = 'HeliumLogger.dylib';
            sourceTree = BUILT_PRODUCTS_DIR;
        };
        CompilePhase_HeliumLogger = {
            isa = PBXSourcesBuildPhase;
            files = ('__src_cc_ref_Packages/HeliumLogger-0.7.4/Sources/HeliumLogger/HeliumLogger.swift');
            runOnlyForDeploymentPostprocessing = 0;
        };
        ___LinkPhase_HeliumLogger = {
            isa = PBXFrameworksBuildPhase;
            files = (_LinkFileRef_LoggerAPI);
            runOnlyForDeploymentPostprocessing = 0;
        };
        '__src_cc_ref_Packages/HeliumLogger-0.7.4/Sources/HeliumLogger/HeliumLogger.swift' = {
            isa = PBXBuildFile;
            fileRef = '__PBXFileRef_Packages/HeliumLogger-0.7.4/Sources/HeliumLogger/HeliumLogger.swift';
        };
        _LinkFileRef_HeliumLogger = {
            isa = PBXBuildFile;
            fileRef = _____Product_HeliumLogger;
        };
        _______Confs_HeliumLogger = {
            isa = XCConfigurationList;
            buildConfigurations = (___DebugConf_HeliumLogger, _ReleaseConf_HeliumLogger);
            defaultConfigurationIsVisible = 0;
            defaultConfigurationName = Debug;
        };
        ___DebugConf_HeliumLogger = {
            isa = XCBuildConfiguration;
            buildSettings = { LD_RUNPATH_SEARCH_PATHS = '$(TOOLCHAIN_DIR)/usr/lib/swift/macosx'; ENABLE_TESTABILITY = YES; SWIFT_OPTIMIZATION_LEVEL = -Onone; };
            name = Debug;
        };
        _ReleaseConf_HeliumLogger = {
            isa = XCBuildConfiguration;
            buildSettings = { LD_RUNPATH_SEARCH_PATHS = '$(TOOLCHAIN_DIR)/usr/lib/swift/macosx'; ENABLE_TESTABILITY = YES; };
            name = Release;
        };
        __Dependency_HeliumLogger = {
            isa = PBXTargetDependency;
            target = ______Target_HeliumLogger;
        };
        _______Group_CFEnvironment = {
            isa = PBXGroup;
            name = CFEnvironment;
            path = 'Packages/CFEnvironment-1.0.0/Sources/CFEnvironment';
            sourceTree = '<group>';
            children = ('__PBXFileRef_Packages/CFEnvironment-1.0.0/Sources/CFEnvironment/DateUtils.swift', '__PBXFileRef_Packages/CFEnvironment-1.0.0/Sources/CFEnvironment/AppEnv.swift', '__PBXFileRef_Packages/CFEnvironment-1.0.0/Sources/CFEnvironment/CFEnvironment.swift', '__PBXFileRef_Packages/CFEnvironment-1.0.0/Sources/CFEnvironment/Service.swift', '__PBXFileRef_Packages/CFEnvironment-1.0.0/Sources/CFEnvironment/CFEnvironmentError.swift', '__PBXFileRef_Packages/CFEnvironment-1.0.0/Sources/CFEnvironment/JSONUtils.swift', '__PBXFileRef_Packages/CFEnvironment-1.0.0/Sources/CFEnvironment/App.swift');
        };
        '__PBXFileRef_Packages/CFEnvironment-1.0.0/Sources/CFEnvironment/DateUtils.swift' = {
            isa = PBXFileReference;
            lastKnownFileType = sourcecode.swift;
            name = 'DateUtils.swift';
            sourceTree = '<group>';
        };
        '__PBXFileRef_Packages/CFEnvironment-1.0.0/Sources/CFEnvironment/AppEnv.swift' = {
            isa = PBXFileReference;
            lastKnownFileType = sourcecode.swift;
            name = 'AppEnv.swift';
            sourceTree = '<group>';
        };
        '__PBXFileRef_Packages/CFEnvironment-1.0.0/Sources/CFEnvironment/CFEnvironment.swift' = {
            isa = PBXFileReference;
            lastKnownFileType = sourcecode.swift;
            name = 'CFEnvironment.swift';
            sourceTree = '<group>';
        };
        '__PBXFileRef_Packages/CFEnvironment-1.0.0/Sources/CFEnvironment/Service.swift' = {
            isa = PBXFileReference;
            lastKnownFileType = sourcecode.swift;
            name = 'Service.swift';
            sourceTree = '<group>';
        };
        '__PBXFileRef_Packages/CFEnvironment-1.0.0/Sources/CFEnvironment/CFEnvironmentError.swift' = {
            isa = PBXFileReference;
            lastKnownFileType = sourcecode.swift;
            name = 'CFEnvironmentError.swift';
            sourceTree = '<group>';
        };
        '__PBXFileRef_Packages/CFEnvironment-1.0.0/Sources/CFEnvironment/JSONUtils.swift' = {
            isa = PBXFileReference;
            lastKnownFileType = sourcecode.swift;
            name = 'JSONUtils.swift';
            sourceTree = '<group>';
        };
        '__PBXFileRef_Packages/CFEnvironment-1.0.0/Sources/CFEnvironment/App.swift' = {
            isa = PBXFileReference;
            lastKnownFileType = sourcecode.swift;
            name = 'App.swift';
            sourceTree = '<group>';
        };
        ______Target_CFEnvironment = {
            isa = PBXNativeTarget;
            buildConfigurationList = _______Confs_CFEnvironment;
            buildPhases = (CompilePhase_CFEnvironment, ___LinkPhase_CFEnvironment);
            buildRules = ();
            dependencies = (__Dependency_SwiftyJSON);
            name = CFEnvironment;
            productName = CFEnvironment;
            productReference = _____Product_CFEnvironment;
            productType = 'com.apple.product-type.library.dynamic';
        };
        _____Product_CFEnvironment = {
            isa = PBXFileReference;
            explicitFileType = 'compiled.mach-o.dylib';
            path = 'CFEnvironment.dylib';
            sourceTree = BUILT_PRODUCTS_DIR;
        };
        CompilePhase_CFEnvironment = {
            isa = PBXSourcesBuildPhase;
            files = ('__src_cc_ref_Packages/CFEnvironment-1.0.0/Sources/CFEnvironment/DateUtils.swift', '__src_cc_ref_Packages/CFEnvironment-1.0.0/Sources/CFEnvironment/AppEnv.swift', '__src_cc_ref_Packages/CFEnvironment-1.0.0/Sources/CFEnvironment/CFEnvironment.swift', '__src_cc_ref_Packages/CFEnvironment-1.0.0/Sources/CFEnvironment/Service.swift', '__src_cc_ref_Packages/CFEnvironment-1.0.0/Sources/CFEnvironment/CFEnvironmentError.swift', '__src_cc_ref_Packages/CFEnvironment-1.0.0/Sources/CFEnvironment/JSONUtils.swift', '__src_cc_ref_Packages/CFEnvironment-1.0.0/Sources/CFEnvironment/App.swift');
            runOnlyForDeploymentPostprocessing = 0;
        };
        ___LinkPhase_CFEnvironment = {
            isa = PBXFrameworksBuildPhase;
            files = (_LinkFileRef_SwiftyJSON);
            runOnlyForDeploymentPostprocessing = 0;
        };
        '__src_cc_ref_Packages/CFEnvironment-1.0.0/Sources/CFEnvironment/DateUtils.swift' = {
            isa = PBXBuildFile;
            fileRef = '__PBXFileRef_Packages/CFEnvironment-1.0.0/Sources/CFEnvironment/DateUtils.swift';
        };
        '__src_cc_ref_Packages/CFEnvironment-1.0.0/Sources/CFEnvironment/AppEnv.swift' = {
            isa = PBXBuildFile;
            fileRef = '__PBXFileRef_Packages/CFEnvironment-1.0.0/Sources/CFEnvironment/AppEnv.swift';
        };
        '__src_cc_ref_Packages/CFEnvironment-1.0.0/Sources/CFEnvironment/CFEnvironment.swift' = {
            isa = PBXBuildFile;
            fileRef = '__PBXFileRef_Packages/CFEnvironment-1.0.0/Sources/CFEnvironment/CFEnvironment.swift';
        };
        '__src_cc_ref_Packages/CFEnvironment-1.0.0/Sources/CFEnvironment/Service.swift' = {
            isa = PBXBuildFile;
            fileRef = '__PBXFileRef_Packages/CFEnvironment-1.0.0/Sources/CFEnvironment/Service.swift';
        };
        '__src_cc_ref_Packages/CFEnvironment-1.0.0/Sources/CFEnvironment/CFEnvironmentError.swift' = {
            isa = PBXBuildFile;
            fileRef = '__PBXFileRef_Packages/CFEnvironment-1.0.0/Sources/CFEnvironment/CFEnvironmentError.swift';
        };
        '__src_cc_ref_Packages/CFEnvironment-1.0.0/Sources/CFEnvironment/JSONUtils.swift' = {
            isa = PBXBuildFile;
            fileRef = '__PBXFileRef_Packages/CFEnvironment-1.0.0/Sources/CFEnvironment/JSONUtils.swift';
        };
        '__src_cc_ref_Packages/CFEnvironment-1.0.0/Sources/CFEnvironment/App.swift' = {
            isa = PBXBuildFile;
            fileRef = '__PBXFileRef_Packages/CFEnvironment-1.0.0/Sources/CFEnvironment/App.swift';
        };
        _LinkFileRef_CFEnvironment = {
            isa = PBXBuildFile;
            fileRef = _____Product_CFEnvironment;
        };
        _______Confs_CFEnvironment = {
            isa = XCConfigurationList;
            buildConfigurations = (___DebugConf_CFEnvironment, _ReleaseConf_CFEnvironment);
            defaultConfigurationIsVisible = 0;
            defaultConfigurationName = Debug;
        };
        ___DebugConf_CFEnvironment = {
            isa = XCBuildConfiguration;
            buildSettings = { LD_RUNPATH_SEARCH_PATHS = '$(TOOLCHAIN_DIR)/usr/lib/swift/macosx'; ENABLE_TESTABILITY = YES; SWIFT_OPTIMIZATION_LEVEL = -Onone; };
            name = Debug;
        };
        _ReleaseConf_CFEnvironment = {
            isa = XCBuildConfiguration;
            buildSettings = { LD_RUNPATH_SEARCH_PATHS = '$(TOOLCHAIN_DIR)/usr/lib/swift/macosx'; ENABLE_TESTABILITY = YES; };
            name = Release;
        };
        __Dependency_CFEnvironment = {
            isa = PBXTargetDependency;
            target = ______Target_CFEnvironment;
        };
        _______Group_KituraStarterBluemix = {
            isa = PBXGroup;
            name = Kitura-Starter-Bluemix;
            path = 'Sources';
            sourceTree = '<group>';
            children = ('__PBXFileRef_Sources/main.swift');
        };
        '__PBXFileRef_Sources/main.swift' = {
            isa = PBXFileReference;
            lastKnownFileType = sourcecode.swift;
            name = 'main.swift';
            sourceTree = '<group>';
        };
        ______Target_KituraStarterBluemix = {
            isa = PBXNativeTarget;
            buildConfigurationList = _______Confs_KituraStarterBluemix;
            buildPhases = (CompilePhase_KituraStarterBluemix, ___LinkPhase_KituraStarterBluemix);
            buildRules = ();
            dependencies = (__Dependency_CHttpParser, __Dependency_Socket, __Dependency_KituraSys, __Dependency_LoggerAPI, __Dependency_KituraTemplateEngine, __Dependency_SwiftyJSON, __Dependency_KituraNet, __Dependency_CFEnvironment, __Dependency_HeliumLogger, __Dependency_Kitura);
            name = Kitura-Starter-Bluemix;
            productName = KituraStarterBluemix;
            productReference = _____Product_KituraStarterBluemix;
            productType = 'com.apple.product-type.tool';
        };
        _____Product_KituraStarterBluemix = {
            isa = PBXFileReference;
            explicitFileType = 'compiled.mach-o.executable';
            path = 'Kitura-Starter-Bluemix';
            sourceTree = BUILT_PRODUCTS_DIR;
        };
        CompilePhase_KituraStarterBluemix = {
            isa = PBXSourcesBuildPhase;
            files = ('__src_cc_ref_Sources/main.swift');
            runOnlyForDeploymentPostprocessing = 0;
        };
        ___LinkPhase_KituraStarterBluemix = {
            isa = PBXFrameworksBuildPhase;
            files = (_LinkFileRef_CHttpParser, _LinkFileRef_Socket, _LinkFileRef_KituraSys, _LinkFileRef_LoggerAPI, _LinkFileRef_KituraTemplateEngine, _LinkFileRef_SwiftyJSON, _LinkFileRef_KituraNet, _LinkFileRef_CFEnvironment, _LinkFileRef_HeliumLogger, _LinkFileRef_Kitura);
            runOnlyForDeploymentPostprocessing = 0;
        };
        '__src_cc_ref_Sources/main.swift' = {
            isa = PBXBuildFile;
            fileRef = '__PBXFileRef_Sources/main.swift';
        };
        _LinkFileRef_KituraStarterBluemix = {
            isa = PBXBuildFile;
            fileRef = _____Product_KituraStarterBluemix;
        };
        _______Confs_KituraStarterBluemix = {
            isa = XCConfigurationList;
            buildConfigurations = (___DebugConf_KituraStarterBluemix, _ReleaseConf_KituraStarterBluemix);
            defaultConfigurationIsVisible = 0;
            defaultConfigurationName = Debug;
        };
        ___DebugConf_KituraStarterBluemix = {
            isa = XCBuildConfiguration;
            buildSettings = { LD_RUNPATH_SEARCH_PATHS = '$(TOOLCHAIN_DIR)/usr/lib/swift/macosx'; SWIFT_FORCE_STATIC_LINK_STDLIB = NO; SWIFT_FORCE_DYNAMIC_LINK_STDLIB = YES; SWIFT_OPTIMIZATION_LEVEL = -Onone; HEADER_SEARCH_PATHS = ( "/root/Kitura-Starter-Bluemix/Packages/CHttpParser-0.1.1/Sources/CHttpParser/include", "/root/Kitura-Starter-Bluemix/Packages/CCurl-0.1.1" ); };
            name = Debug;
        };
        _ReleaseConf_KituraStarterBluemix = {
            isa = XCBuildConfiguration;
            buildSettings = { LD_RUNPATH_SEARCH_PATHS = '$(TOOLCHAIN_DIR)/usr/lib/swift/macosx'; SWIFT_FORCE_STATIC_LINK_STDLIB = NO; SWIFT_FORCE_DYNAMIC_LINK_STDLIB = YES; HEADER_SEARCH_PATHS = ( "/root/Kitura-Starter-Bluemix/Packages/CHttpParser-0.1.1/Sources/CHttpParser/include", "/root/Kitura-Starter-Bluemix/Packages/CCurl-0.1.1" ); };
            name = Release;
        };
        __Dependency_KituraStarterBluemix = {
            isa = PBXTargetDependency;
            target = ______Target_KituraStarterBluemix;
        };
        '__PBXFileRef_Kitura-Starter-Bluemix.xcodeproj/Configs/Project.xcconfig' = {
            isa = PBXFileReference;
            lastKnownFileType = text.xcconfig;
            name = 'Project.xcconfig';
            path = 'Kitura-Starter-Bluemix.xcodeproj/Configs/Project.xcconfig';
            sourceTree = '<group>';
        };
        _____Configs_ = {
            isa = PBXGroup;
            children = ('__PBXFileRef_Kitura-Starter-Bluemix.xcodeproj/Configs/Project.xcconfig');
            name = Configs;
            sourceTree = '<group>';
        };
        _____Sources_ = {
            isa = PBXGroup;
            children = (_______Group_LoggerAPI, _______Group_KituraSys, _______Group_Socket, _______Group_CHttpParser, _______Group_KituraNet, _______Group_SwiftyJSON, _______Group_KituraTemplateEngine, _______Group_Kitura, _______Group_HeliumLogger, _______Group_CFEnvironment, _______Group_KituraStarterBluemix);
            name = Sources;
            sourceTree = '<group>';
        };
        Dependencies_ = {
            isa = PBXGroup;
            children = (_______Group_LoggerAPI, _______Group_KituraSys, _______Group_Socket, _______Group_CHttpParser, _______Group_KituraNet, _______Group_SwiftyJSON, _______Group_KituraTemplateEngine, _______Group_Kitura, _______Group_HeliumLogger, _______Group_CFEnvironment);
            name = Dependencies;
            sourceTree = '<group>';
        };
        ____Products_ = {
            isa = PBXGroup;
            children = (_____Product_LoggerAPI, _____Product_KituraSys, _____Product_Socket, _____Product_CHttpParser, _____Product_KituraNet, _____Product_SwiftyJSON, _____Product_KituraTemplateEngine, _____Product_Kitura, _____Product_HeliumLogger, _____Product_CFEnvironment, _____Product_KituraStarterBluemix);
            name = Products;
            sourceTree = '<group>';
        };
        _______Debug_ = {
            isa = XCBuildConfiguration;
            baseConfigurationReference = '__PBXFileRef_Kitura-Starter-Bluemix.xcodeproj/Configs/Project.xcconfig';
            buildSettings = {};
            name = Debug;
        };
        _____Release_ = {
            isa = XCBuildConfiguration;
            baseConfigurationReference = '__PBXFileRef_Kitura-Starter-Bluemix.xcodeproj/Configs/Project.xcconfig';
            buildSettings = {};
            name = Release;
        };
        ___RootConfs_ = {
            isa = XCConfigurationList;
            buildConfigurations = (_______Debug_, _____Release_);
            defaultConfigurationIsVisible = 0;
            defaultConfigurationName = Debug;
        };
    };
}
